
Microsoft Visual Studio Solution File, Format Version 12.00
# Visual Studio Version 17
VisualStudioVersion = 17.0.31903.59
MinimumVisualStudioVersion = 10.0.40219.1
Project("{FAE04EC0-301F-11D3-BF4B-00C04F79EFBC}") = "TorneoManager.Dominio", "TorneoManager.Dominio\TorneoManager.Dominio.csproj", "{7CE8281F-771B-4C2C-8081-1BE903CC0339}"
EndProject
Project("{FAE04EC0-301F-11D3-BF4B-00C04F79EFBC}") = "TorneoManager.Entity", "TorneoManager.Entity\TorneoManager.Entity.csproj", "{FFC00F64-DEEB-41D0-B169-D1340DC88631}"
EndProject
Project("{FAE04EC0-301F-11D3-BF4B-00C04F79EFBC}") = "TorneoManager.Logic", "TorneoManager.Logic\TorneoManager.Logic.csproj", "{C667497F-CEB6-455D-BC28-C5BFF6E43261}"
EndProject
Project("{FAE04EC0-301F-11D3-BF4B-00C04F79EFBC}") = "TorneoManager.Presentacion", "TorneoManager.Presentacion\TorneoManager.Presentacion.csproj", "{B5754E41-CD07-4C5C-A064-E87340E5AFD8}"
EndProject
Global
	GlobalSection(SolutionConfigurationPlatforms) = preSolution
		Debug|Any CPU = Debug|Any CPU
		Debug|x64 = Debug|x64
		Debug|x86 = Debug|x86
		Release|Any CPU = Release|Any CPU
		Release|x64 = Release|x64
		Release|x86 = Release|x86
	EndGlobalSection
	GlobalSection(ProjectConfigurationPlatforms) = postSolution
		{7CE8281F-771B-4C2C-8081-1BE903CC0339}.Debug|Any CPU.ActiveCfg = Debug|Any CPU
		{7CE8281F-771B-4C2C-8081-1BE903CC0339}.Debug|Any CPU.Build.0 = Debug|Any CPU
		{7CE8281F-771B-4C2C-8081-1BE903CC0339}.Debug|x64.ActiveCfg = Debug|Any CPU
		{7CE8281F-771B-4C2C-8081-1BE903CC0339}.Debug|x64.Build.0 = Debug|Any CPU
		{7CE8281F-771B-4C2C-8081-1BE903CC0339}.Debug|x86.ActiveCfg = Debug|Any CPU
		{7CE8281F-771B-4C2C-8081-1BE903CC0339}.Debug|x86.Build.0 = Debug|Any CPU
		{7CE8281F-771B-4C2C-8081-1BE903CC0339}.Release|Any CPU.ActiveCfg = Release|Any CPU
		{7CE8281F-771B-4C2C-8081-1BE903CC0339}.Release|Any CPU.Build.0 = Release|Any CPU
		{7CE8281F-771B-4C2C-8081-1BE903CC0339}.Release|x64.ActiveCfg = Release|Any CPU
		{7CE8281F-771B-4C2C-8081-1BE903CC0339}.Release|x64.Build.0 = Release|Any CPU
		{7CE8281F-771B-4C2C-8081-1BE903CC0339}.Release|x86.ActiveCfg = Release|Any CPU
		{7CE8281F-771B-4C2C-8081-1BE903CC0339}.Release|x86.Build.0 = Release|Any CPU
		{FFC00F64-DEEB-41D0-B169-D1340DC88631}.Debug|Any CPU.ActiveCfg = Debug|Any CPU
		{FFC00F64-DEEB-41D0-B169-D1340DC88631}.Debug|Any CPU.Build.0 = Debug|Any CPU
		{FFC00F64-DEEB-41D0-B169-D1340DC88631}.Debug|x64.ActiveCfg = Debug|Any CPU
		{FFC00F64-DEEB-41D0-B169-D1340DC88631}.Debug|x64.Build.0 = Debug|Any CPU
		{FFC00F64-DEEB-41D0-B169-D1340DC88631}.Debug|x86.ActiveCfg = Debug|Any CPU
		{FFC00F64-DEEB-41D0-B169-D1340DC88631}.Debug|x86.Build.0 = Debug|Any CPU
		{FFC00F64-DEEB-41D0-B169-D1340DC88631}.Release|Any CPU.ActiveCfg = Release|Any CPU
		{FFC00F64-DEEB-41D0-B169-D1340DC88631}.Release|Any CPU.Build.0 = Release|Any CPU
		{FFC00F64-DEEB-41D0-B169-D1340DC88631}.Release|x64.ActiveCfg = Release|Any CPU
		{FFC00F64-DEEB-41D0-B169-D1340DC88631}.Release|x64.Build.0 = Release|Any CPU
		{FFC00F64-DEEB-41D0-B169-D1340DC88631}.Release|x86.ActiveCfg = Release|Any CPU
		{FFC00F64-DEEB-41D0-B169-D1340DC88631}.Release|x86.Build.0 = Release|Any CPU
		{C667497F-CEB6-455D-BC28-C5BFF6E43261}.Debug|Any CPU.ActiveCfg = Debug|Any CPU
		{C667497F-CEB6-455D-BC28-C5BFF6E43261}.Debug|Any CPU.Build.0 = Debug|Any CPU
		{C667497F-CEB6-455D-BC28-C5BFF6E43261}.Debug|x64.ActiveCfg = Debug|Any CPU
		{C667497F-CEB6-455D-BC28-C5BFF6E43261}.Debug|x64.Build.0 = Debug|Any CPU
		{C667497F-CEB6-455D-BC28-C5BFF6E43261}.Debug|x86.ActiveCfg = Debug|Any CPU
		{C667497F-CEB6-455D-BC28-C5BFF6E43261}.Debug|x86.Build.0 = Debug|Any CPU
		{C667497F-CEB6-455D-BC28-C5BFF6E43261}.Release|Any CPU.ActiveCfg = Release|Any CPU
		{C667497F-CEB6-455D-BC28-C5BFF6E43261}.Release|Any CPU.Build.0 = Release|Any CPU
		{C667497F-CEB6-455D-BC28-C5BFF6E43261}.Release|x64.ActiveCfg = Release|Any CPU
		{C667497F-CEB6-455D-BC28-C5BFF6E43261}.Release|x64.Build.0 = Release|Any CPU
		{C667497F-CEB6-455D-BC28-C5BFF6E43261}.Release|x86.ActiveCfg = Release|Any CPU
		{C667497F-CEB6-455D-BC28-C5BFF6E43261}.Release|x86.Build.0 = Release|Any CPU
		{B5754E41-CD07-4C5C-A064-E87340E5AFD8}.Debug|Any CPU.ActiveCfg = Debug|Any CPU
		{B5754E41-CD07-4C5C-A064-E87340E5AFD8}.Debug|Any CPU.Build.0 = Debug|Any CPU
		{B5754E41-CD07-4C5C-A064-E87340E5AFD8}.Debug|x64.ActiveCfg = Debug|Any CPU
		{B5754E41-CD07-4C5C-A064-E87340E5AFD8}.Debug|x64.Build.0 = Debug|Any CPU
		{B5754E41-CD07-4C5C-A064-E87340E5AFD8}.Debug|x86.ActiveCfg = Debug|Any CPU
		{B5754E41-CD07-4C5C-A064-E87340E5AFD8}.Debug|x86.Build.0 = Debug|Any CPU
		{B5754E41-CD07-4C5C-A064-E87340E5AFD8}.Release|Any CPU.ActiveCfg = Release|Any CPU
		{B5754E41-CD07-4C5C-A064-E87340E5AFD8}.Release|Any CPU.Build.0 = Release|Any CPU
		{B5754E41-CD07-4C5C-A064-E87340E5AFD8}.Release|x64.ActiveCfg = Release|Any CPU
		{B5754E41-CD07-4C5C-A064-E87340E5AFD8}.Release|x64.Build.0 = Release|Any CPU
		{B5754E41-CD07-4C5C-A064-E87340E5AFD8}.Release|x86.ActiveCfg = Release|Any CPU
		{B5754E41-CD07-4C5C-A064-E87340E5AFD8}.Release|x86.Build.0 = Release|Any CPU
	EndGlobalSection
	GlobalSection(SolutionProperties) = preSolution
		HideSolutionNode = FALSE
	EndGlobalSection
EndGlobal
